github.com/chai2010/webp v1.1.1 h1:jTRmEccAJ4MGrhFOrPMpNGIJ/eybIgwKpcACsrTEapk=
github.com/chai2010/webp v1.1.1/go.mod h1:0XVwvZWdjjdxpUEIf7b9g9VkHFnInUSYujwqTLEuldU=
github.com/jung-kurt/gofpdf/v2 v2.17.3 h1:otZXZby2gXJ7uU6pzprXHq/R57lsHLi0WtH79VabWxY=
github.com/jung-kurt/gofpdf/v2 v2.17.3/go.mod h1:Qx8ZNg4cNsO5i6uLDiBngnm+ii/FjtAqjRNO6drsoYU=
